<?xml version="1.0" encoding="utf-8"?>
<Project ToolsVersion="4.0" xmlns="http://schemas.microsoft.com/developer/msbuild/2003">
  <ItemGroup>
    <Filter Include="Obsidian">
      <UniqueIdentifier>{0E2CB5EF-FAF8-0FFB-2312-FEA20F3E4589}</UniqueIdentifier>
    </Filter>
  </ItemGroup>
  <ItemGroup>
    <ClInclude Include="src\Obsidian.h" />
    <ClInclude Include="src\Obsidian\Application.h">
      <Filter>Obsidian</Filter>
    </ClInclude>
    <ClInclude Include="src\Obsidian\Core.h">
      <Filter>Obsidian</Filter>
    </ClInclude>
    <ClInclude Include="src\Obsidian\EntryPoint.h">
      <Filter>Obsidian</Filter>
    </ClInclude>
    <ClInclude Include="src\Obsidian\Log.h">
      <Filter>Obsidian</Filter>
    </ClInclude>
  </ItemGroup>
  <ItemGroup>
    <ClCompile Include="src\Obsidian\Application.cpp">
      <Filter>Obsidian</Filter>
    </ClCompile>
    <ClCompile Include="src\Obsidian\Log.cpp">
      <Filter>Obsidian</Filter>
    </ClCompile>
  </ItemGroup>
</Project>