<?xml version="1.0" encoding="utf-8"?>
<Project ToolsVersion="4.0" xmlns="http://schemas.microsoft.com/developer/msbuild/2003">
  <ItemGroup>
    <Filter Include="Obsidian">
      <UniqueIdentifier>{0E2CB5EF-FAF8-0FFB-2312-FEA20F3E4589}</UniqueIdentifier>
    </Filter>
    <Filter Include="Obsidian\Events">
      <UniqueIdentifier>{32FCBA99-9E87-285E-A798-AB5213A3845E}</UniqueIdentifier>
    </Filter>
    <Filter Include="Obsidian\ImGui">
      <UniqueIdentifier>{B8F39DCE-A4C1-91D4-8D55-02FB79C26D39}</UniqueIdentifier>
    </Filter>
    <Filter Include="Platform">
      <UniqueIdentifier>{2AC788B4-1694-E3BF-3FAD-D1672BD9184E}</UniqueIdentifier>
    </Filter>
    <Filter Include="Platform\OpenGL">
      <UniqueIdentifier>{1E7D2C1D-8A08-9AE1-9319-1DD6FF23F6E1}</UniqueIdentifier>
    </Filter>
    <Filter Include="Platform\Windows">
      <UniqueIdentifier>{64FBD71A-50F4-F66C-7926-DCF1657ED678}</UniqueIdentifier>
    </Filter>
  </ItemGroup>
  <ItemGroup>
    <ClInclude Include="src\Obsidian.h" />
    <ClInclude Include="src\Obsidian\Application.h">
      <Filter>Obsidian</Filter>
    </ClInclude>
    <ClInclude Include="src\Obsidian\Core.h">
      <Filter>Obsidian</Filter>
    </ClInclude>
    <ClInclude Include="src\Obsidian\EntryPoint.h">
      <Filter>Obsidian</Filter>
    </ClInclude>
    <ClInclude Include="src\Obsidian\Events\ApplicationEvent.h">
      <Filter>Obsidian\Events</Filter>
    </ClInclude>
    <ClInclude Include="src\Obsidian\Events\Event.h">
      <Filter>Obsidian\Events</Filter>
    </ClInclude>
    <ClInclude Include="src\Obsidian\Events\KeyEvent.h">
      <Filter>Obsidian\Events</Filter>
    </ClInclude>
    <ClInclude Include="src\Obsidian\Events\MouseEvent.h">
      <Filter>Obsidian\Events</Filter>
    </ClInclude>
    <ClInclude Include="src\Obsidian\ImGui\ImGuiLayer.h">
      <Filter>Obsidian\ImGui</Filter>
    </ClInclude>
    <ClInclude Include="src\Obsidian\Layer.h">
      <Filter>Obsidian</Filter>
    </ClInclude>
    <ClInclude Include="src\Obsidian\LayerStack.h">
      <Filter>Obsidian</Filter>
    </ClInclude>
    <ClInclude Include="src\Obsidian\Log.h">
      <Filter>Obsidian</Filter>
    </ClInclude>
    <ClInclude Include="src\Obsidian\Window.h">
      <Filter>Obsidian</Filter>
    </ClInclude>
    <ClInclude Include="src\Platform\OpenGL\ImGuiOpenGLRenderer.h">
      <Filter>Platform\OpenGL</Filter>
    </ClInclude>
    <ClInclude Include="src\Platform\Windows\WindowsWindow.h">
      <Filter>Platform\Windows</Filter>
    </ClInclude>
    <ClInclude Include="src\obsdpch.h" />
    <ClInclude Include="src\Obsidian\Input.h" />
    <ClInclude Include="src\Platform\Windows\WindowsInput.h" />
    <ClInclude Include="src\Obsidian\KeyCodes.h" />
    <ClInclude Include="src\Obsidian\MouseButtonCodes.h" />
  </ItemGroup>
  <ItemGroup>
    <ClCompile Include="src\Obsidian\Application.cpp">
      <Filter>Obsidian</Filter>
    </ClCompile>
    <ClCompile Include="src\Obsidian\ImGui\ImGuiLayer.cpp">
      <Filter>Obsidian\ImGui</Filter>
    </ClCompile>
    <ClCompile Include="src\Obsidian\Layer.cpp">
      <Filter>Obsidian</Filter>
    </ClCompile>
    <ClCompile Include="src\Obsidian\LayerStack.cpp">
      <Filter>Obsidian</Filter>
    </ClCompile>
    <ClCompile Include="src\Obsidian\Log.cpp">
      <Filter>Obsidian</Filter>
    </ClCompile>
    <ClCompile Include="src\Platform\OpenGL\ImGuiOpenGLRenderer.cpp">
      <Filter>Platform\OpenGL</Filter>
    </ClCompile>
    <ClCompile Include="src\Platform\Windows\WindowsWindow.cpp">
      <Filter>Platform\Windows</Filter>
    </ClCompile>
    <ClCompile Include="src\obsdpch.cpp" />
    <ClCompile Include="src\Platform\Windows\WindowsInput.cpp" />
  </ItemGroup>
</Project>